
Microsoft Visual Studio Solution File, Format Version 12.00
# Visual Studio Version 17
VisualStudioVersion = 17.12.35728.132
MinimumVisualStudioVersion = 10.0.40219.1
Project("{FAE04EC0-301F-11D3-BF4B-00C04F79EFBC}") = "file1", "27.02.25\file1.csproj", "{0803E6A3-0A53-4BE2-AFAE-725D36BE1133}"
EndProject
Project("{FAE04EC0-301F-11D3-BF4B-00C04F79EFBC}") = "file2", "Zadacha3\file2.csproj", "{E5E89AD4-9956-4289-8A9C-4E6719A513A3}"
EndProject
Project("{FAE04EC0-301F-11D3-BF4B-00C04F79EFBC}") = "file3", "zadacha6\file3.csproj", "{55A21C16-9852-43C1-9132-7D6CF63A2309}"
EndProject
Global
	GlobalSection(SolutionConfigurationPlatforms) = preSolution
		Debug|Any CPU = Debug|Any CPU
		Release|Any CPU = Release|Any CPU
	EndGlobalSection
	GlobalSection(ProjectConfigurationPlatforms) = postSolution
		{0803E6A3-0A53-4BE2-AFAE-725D36BE1133}.Debug|Any CPU.ActiveCfg = Debug|Any CPU
		{0803E6A3-0A53-4BE2-AFAE-725D36BE1133}.Debug|Any CPU.Build.0 = Debug|Any CPU
		{0803E6A3-0A53-4BE2-AFAE-725D36BE1133}.Release|Any CPU.ActiveCfg = Release|Any CPU
		{0803E6A3-0A53-4BE2-AFAE-725D36BE1133}.Release|Any CPU.Build.0 = Release|Any CPU
		{E5E89AD4-9956-4289-8A9C-4E6719A513A3}.Debug|Any CPU.ActiveCfg = Debug|Any CPU
		{E5E89AD4-9956-4289-8A9C-4E6719A513A3}.Debug|Any CPU.Build.0 = Debug|Any CPU
		{E5E89AD4-9956-4289-8A9C-4E6719A513A3}.Release|Any CPU.ActiveCfg = Release|Any CPU
		{E5E89AD4-9956-4289-8A9C-4E6719A513A3}.Release|Any CPU.Build.0 = Release|Any CPU
		{55A21C16-9852-43C1-9132-7D6CF63A2309}.Debug|Any CPU.ActiveCfg = Debug|Any CPU
		{55A21C16-9852-43C1-9132-7D6CF63A2309}.Debug|Any CPU.Build.0 = Debug|Any CPU
		{55A21C16-9852-43C1-9132-7D6CF63A2309}.Release|Any CPU.ActiveCfg = Release|Any CPU
		{55A21C16-9852-43C1-9132-7D6CF63A2309}.Release|Any CPU.Build.0 = Release|Any CPU
	EndGlobalSection
	GlobalSection(SolutionProperties) = preSolution
		HideSolutionNode = FALSE
	EndGlobalSection
EndGlobal
